
Microsoft Visual Studio Solution File, Format Version 12.00
# Visual Studio 2012
Project("{FAE04EC0-301F-11D3-BF4B-00C04F79EFBC}") = "Autofacture", "Autofacture\Autofacture.csproj", "{87394E06-6235-48CE-A2D6-4E6D67EDE782}"
EndProject
Project("{2150E333-8FDC-42A3-9474-1A3956D46DE8}") = ".nuget", ".nuget", "{24995F12-D9F7-4C7C-987B-AB8DE9A33438}"
	ProjectSection(SolutionItems) = preProject
		.nuget\NuGet.Config = .nuget\NuGet.Config
		.nuget\NuGet.exe = .nuget\NuGet.exe
		.nuget\NuGet.targets = .nuget\NuGet.targets
	EndProjectSection
EndProject
Global
	GlobalSection(TeamFoundationVersionControl) = preSolution
		SccNumberOfProjects = 2
		SccEnterpriseProvider = {4CA58AB2-18FA-4F8D-95D4-32DDF27D184C}
		SccTeamFoundationServer = http://dsmtfs:8080/tfs/trendyol
		SccLocalPath0 = .
		SccProjectUniqueName1 = Autofacture\\Autofacture.csproj
		SccProjectName1 = Autofacture
		SccLocalPath1 = Autofacture
	EndGlobalSection
	GlobalSection(SolutionConfigurationPlatforms) = preSolution
		Debug|Any CPU = Debug|Any CPU
		Release|Any CPU = Release|Any CPU
	EndGlobalSection
	GlobalSection(ProjectConfigurationPlatforms) = postSolution
		{87394E06-6235-48CE-A2D6-4E6D67EDE782}.Debug|Any CPU.ActiveCfg = Debug|Any CPU
		{87394E06-6235-48CE-A2D6-4E6D67EDE782}.Debug|Any CPU.Build.0 = Debug|Any CPU
		{87394E06-6235-48CE-A2D6-4E6D67EDE782}.Release|Any CPU.ActiveCfg = Release|Any CPU
		{87394E06-6235-48CE-A2D6-4E6D67EDE782}.Release|Any CPU.Build.0 = Release|Any CPU
	EndGlobalSection
	GlobalSection(SolutionProperties) = preSolution
		HideSolutionNode = FALSE
	EndGlobalSection
EndGlobal
